
Microsoft Visual Studio Solution File, Format Version 12.00
# Visual Studio 15
VisualStudioVersion = 15.0.28307.102
MinimumVisualStudioVersion = 10.0.40219.1
Project("{FAE04EC0-301F-11D3-BF4B-00C04F79EFBC}") = "DataEntityTier", "ClassLibrary1\DataEntityTier.csproj", "{D37089D9-BB74-425C-AC6E-6D950037BCEA}"
EndProject
Project("{FAE04EC0-301F-11D3-BF4B-00C04F79EFBC}") = "DataAccessTier", "ClassLibrary2\DataAccessTier.csproj", "{CED94312-D12C-46AE-9710-151FE1121664}"
EndProject
Project("{FAE04EC0-301F-11D3-BF4B-00C04F79EFBC}") = "DataService", "DataService\DataService.csproj", "{4DBFE5E1-FC88-4DEB-9B39-D914B1E7528D}"
EndProject
Global
	GlobalSection(SolutionConfigurationPlatforms) = preSolution
		Debug|Any CPU = Debug|Any CPU
		Release|Any CPU = Release|Any CPU
	EndGlobalSection
	GlobalSection(ProjectConfigurationPlatforms) = postSolution
		{D37089D9-BB74-425C-AC6E-6D950037BCEA}.Debug|Any CPU.ActiveCfg = Debug|Any CPU
		{D37089D9-BB74-425C-AC6E-6D950037BCEA}.Debug|Any CPU.Build.0 = Debug|Any CPU
		{D37089D9-BB74-425C-AC6E-6D950037BCEA}.Release|Any CPU.ActiveCfg = Release|Any CPU
		{D37089D9-BB74-425C-AC6E-6D950037BCEA}.Release|Any CPU.Build.0 = Release|Any CPU
		{CED94312-D12C-46AE-9710-151FE1121664}.Debug|Any CPU.ActiveCfg = Debug|Any CPU
		{CED94312-D12C-46AE-9710-151FE1121664}.Debug|Any CPU.Build.0 = Debug|Any CPU
		{CED94312-D12C-46AE-9710-151FE1121664}.Release|Any CPU.ActiveCfg = Release|Any CPU
		{CED94312-D12C-46AE-9710-151FE1121664}.Release|Any CPU.Build.0 = Release|Any CPU
		{4DBFE5E1-FC88-4DEB-9B39-D914B1E7528D}.Debug|Any CPU.ActiveCfg = Debug|Any CPU
		{4DBFE5E1-FC88-4DEB-9B39-D914B1E7528D}.Debug|Any CPU.Build.0 = Debug|Any CPU
		{4DBFE5E1-FC88-4DEB-9B39-D914B1E7528D}.Release|Any CPU.ActiveCfg = Release|Any CPU
		{4DBFE5E1-FC88-4DEB-9B39-D914B1E7528D}.Release|Any CPU.Build.0 = Release|Any CPU
	EndGlobalSection
	GlobalSection(SolutionProperties) = preSolution
		HideSolutionNode = FALSE
	EndGlobalSection
	GlobalSection(ExtensibilityGlobals) = postSolution
		SolutionGuid = {6F530AEB-F595-404F-8D2F-74C29792097A}
	EndGlobalSection
EndGlobal
